// !$*UTF8*$!
{
	archiveVersion = 1;
	classes = {
	};
	objectVersion = 50;
	objects = {

/* Begin PBXBuildFile section */
		0B6EE2D221439E92005BC58A /* barreader.m in Sources */ = {isa = PBXBuildFile; fileRef = 0B6EE2D121439E92005BC58A /* barreader.m */; };
		0B93A6A1214393F300E4C811 /* QrScanViewController.swift in Sources */ = {isa = PBXBuildFile; fileRef = 0B93A6A0214393F300E4C811 /* QrScanViewController.swift */; };
		6E41006D6B3245CAC348193B /* Pods_NewWeMa.framework in Frameworks */ = {isa = PBXBuildFile; fileRef = 5BCF53FF9755CB99F2E1C198 /* Pods_NewWeMa.framework */; };
		790D52C72143A58C0015651C /* MyImageChecker.m in Sources */ = {isa = PBXBuildFile; fileRef = 790D52BF2143A58C0015651C /* MyImageChecker.m */; };
		790D52C92143A58C0015651C /* DecodeUtils.m in Sources */ = {isa = PBXBuildFile; fileRef = 790D52C52143A58C0015651C /* DecodeUtils.m */; };
		790D52CA2143A58C0015651C /* MyPoint.m in Sources */ = {isa = PBXBuildFile; fileRef = 790D52C62143A58C0015651C /* MyPoint.m */; };
		790D530B2146530E0015651C /* myCodeObjcV.c in Sources */ = {isa = PBXBuildFile; fileRef = 790D530A2146530E0015651C /* myCodeObjcV.c */; };
		790D530D2146A7EB0015651C /* UserViewController.swift in Sources */ = {isa = PBXBuildFile; fileRef = 790D530C2146A7EB0015651C /* UserViewController.swift */; };
		793AF5D92150E84600C199C3 /* HistoryListTableViewController.swift in Sources */ = {isa = PBXBuildFile; fileRef = 793AF5D82150E84600C199C3 /* HistoryListTableViewController.swift */; };
		793AF5DB2151F4BB00C199C3 /* HistoryList.swift in Sources */ = {isa = PBXBuildFile; fileRef = 793AF5DA2151F4BB00C199C3 /* HistoryList.swift */; };
		793AF5E021522EE500C199C3 /* DataModel.swift in Sources */ = {isa = PBXBuildFile; fileRef = 793AF5DF21522EE500C199C3 /* DataModel.swift */; };
		79693D2B2147B82E00C6D194 /* MyZXPlanarYUVLuminanceSource.m in Sources */ = {isa = PBXBuildFile; fileRef = 79693D2A2147B82E00C6D194 /* MyZXPlanarYUVLuminanceSource.m */; };
		79693D2E2148A86C00C6D194 /* ImageBufferHandler.m in Sources */ = {isa = PBXBuildFile; fileRef = 79693D2D2148A86C00C6D194 /* ImageBufferHandler.m */; };
		79693D3121490E0300C6D194 /* rc4.c in Sources */ = {isa = PBXBuildFile; fileRef = 79693D2F21490E0300C6D194 /* rc4.c */; };
		798DFA902142E976007A30B2 /* AppDelegate.swift in Sources */ = {isa = PBXBuildFile; fileRef = 798DFA8F2142E976007A30B2 /* AppDelegate.swift */; };
		798DFA952142E976007A30B2 /* Main.storyboard in Resources */ = {isa = PBXBuildFile; fileRef = 798DFA932142E976007A30B2 /* Main.storyboard */; };
		798DFA972142E977007A30B2 /* Assets.xcassets in Resources */ = {isa = PBXBuildFile; fileRef = 798DFA962142E977007A30B2 /* Assets.xcassets */; };
		798DFA9A2142E977007A30B2 /* LaunchScreen.storyboard in Resources */ = {isa = PBXBuildFile; fileRef = 798DFA982142E977007A30B2 /* LaunchScreen.storyboard */; };
		798DFAA42142EAA9007A30B2 /* ZXingObjC.framework in Frameworks */ = {isa = PBXBuildFile; fileRef = 798DFAA32142EAA9007A30B2 /* ZXingObjC.framework */; };
		798DFAA52142EAA9007A30B2 /* ZXingObjC.framework in Embed Frameworks */ = {isa = PBXBuildFile; fileRef = 798DFAA32142EAA9007A30B2 /* ZXingObjC.framework */; settings = {ATTRIBUTES = (CodeSignOnCopy, RemoveHeadersOnCopy, ); }; };
		798DFAAA2142EB10007A30B2 /* AFNetworking.framework in Frameworks */ = {isa = PBXBuildFile; fileRef = 798DFAA92142EB10007A30B2 /* AFNetworking.framework */; };
		798DFAAB2142EB10007A30B2 /* AFNetworking.framework in Embed Frameworks */ = {isa = PBXBuildFile; fileRef = 798DFAA92142EB10007A30B2 /* AFNetworking.framework */; settings = {ATTRIBUTES = (CodeSignOnCopy, RemoveHeadersOnCopy, ); }; };
		798DFAAD2142EBED007A30B2 /* Alamofire.framework in Frameworks */ = {isa = PBXBuildFile; fileRef = 798DFAAC2142EBED007A30B2 /* Alamofire.framework */; };
		798DFAAE2142EBED007A30B2 /* Alamofire.framework in Embed Frameworks */ = {isa = PBXBuildFile; fileRef = 798DFAAC2142EBED007A30B2 /* Alamofire.framework */; settings = {ATTRIBUTES = (CodeSignOnCopy, RemoveHeadersOnCopy, ); }; };
		798DFAB02142EF0C007A30B2 /* ViewController.swift in Sources */ = {isa = PBXBuildFile; fileRef = 798DFAAF2142EF0C007A30B2 /* ViewController.swift */; };
/* End PBXBuildFile section */

/* Begin PBXCopyFilesBuildPhase section */
		798DFAA62142EAA9007A30B2 /* Embed Frameworks */ = {
			isa = PBXCopyFilesBuildPhase;
			buildActionMask = 2147483647;
			dstPath = "";
			dstSubfolderSpec = 10;
			files = (
				798DFAA52142EAA9007A30B2 /* ZXingObjC.framework in Embed Frameworks */,
				798DFAAE2142EBED007A30B2 /* Alamofire.framework in Embed Frameworks */,
				798DFAAB2142EB10007A30B2 /* AFNetworking.framework in Embed Frameworks */,
			);
			name = "Embed Frameworks";
			runOnlyForDeploymentPostprocessing = 0;
		};
/* End PBXCopyFilesBuildPhase section */

/* Begin PBXFileReference section */
		08729B3992A6678B71DB66DA /* Pods-NewWeMa.release.xcconfig */ = {isa = PBXFileReference; includeInIndex = 1; lastKnownFileType = text.xcconfig; name = "Pods-NewWeMa.release.xcconfig"; path = "Pods/Target Support Files/Pods-NewWeMa/Pods-NewWeMa.release.xcconfig"; sourceTree = "<group>"; };
		0B6EE2CF21439E92005BC58A /* NewWeMa-Bridging-Header.h */ = {isa = PBXFileReference; lastKnownFileType = sourcecode.c.h; path = "NewWeMa-Bridging-Header.h"; sourceTree = "<group>"; };
		0B6EE2D021439E92005BC58A /* barreader.h */ = {isa = PBXFileReference; lastKnownFileType = sourcecode.c.h; path = barreader.h; sourceTree = "<group>"; };
		0B6EE2D121439E92005BC58A /* barreader.m */ = {isa = PBXFileReference; lastKnownFileType = sourcecode.c.objc; path = barreader.m; sourceTree = "<group>"; };
		0B93A6A0214393F300E4C811 /* QrScanViewController.swift */ = {isa = PBXFileReference; lastKnownFileType = sourcecode.swift; path = QrScanViewController.swift; sourceTree = "<group>"; };
		5BCF53FF9755CB99F2E1C198 /* Pods_NewWeMa.framework */ = {isa = PBXFileReference; explicitFileType = wrapper.framework; includeInIndex = 0; path = Pods_NewWeMa.framework; sourceTree = BUILT_PRODUCTS_DIR; };
		69BD66124D1D2152351E53E8 /* Pods-NewWeMa.debug.xcconfig */ = {isa = PBXFileReference; includeInIndex = 1; lastKnownFileType = text.xcconfig; name = "Pods-NewWeMa.debug.xcconfig"; path = "Pods/Target Support Files/Pods-NewWeMa/Pods-NewWeMa.debug.xcconfig"; sourceTree = "<group>"; };
		790D52BE2143A58C0015651C /* MyPoint.h */ = {isa = PBXFileReference; fileEncoding = 4; lastKnownFileType = sourcecode.c.h; name = MyPoint.h; path = DecodeUtils/MyPoint.h; sourceTree = SOURCE_ROOT; };
		790D52BF2143A58C0015651C /* MyImageChecker.m */ = {isa = PBXFileReference; fileEncoding = 4; lastKnownFileType = sourcecode.c.objc; name = MyImageChecker.m; path = DecodeUtils/MyImageChecker.m; sourceTree = SOURCE_ROOT; };
		790D52C02143A58C0015651C /* dataconstants.h */ = {isa = PBXFileReference; fileEncoding = 4; lastKnownFileType = sourcecode.c.h; name = dataconstants.h; path = DecodeUtils/dataconstants.h; sourceTree = SOURCE_ROOT; };
		790D52C32143A58C0015651C /* MyImageChecker.h */ = {isa = PBXFileReference; fileEncoding = 4; lastKnownFileType = sourcecode.c.h; name = MyImageChecker.h; path = DecodeUtils/MyImageChecker.h; sourceTree = SOURCE_ROOT; };
		790D52C42143A58C0015651C /* DecodeUtils.h */ = {isa = PBXFileReference; fileEncoding = 4; lastKnownFileType = sourcecode.c.h; name = DecodeUtils.h; path = DecodeUtils/DecodeUtils.h; sourceTree = SOURCE_ROOT; };
		790D52C52143A58C0015651C /* DecodeUtils.m */ = {isa = PBXFileReference; fileEncoding = 4; lastKnownFileType = sourcecode.c.objc; name = DecodeUtils.m; path = DecodeUtils/DecodeUtils.m; sourceTree = SOURCE_ROOT; };
		790D52C62143A58C0015651C /* MyPoint.m */ = {isa = PBXFileReference; fileEncoding = 4; lastKnownFileType = sourcecode.c.objc; name = MyPoint.m; path = DecodeUtils/MyPoint.m; sourceTree = SOURCE_ROOT; };
		790D530A2146530E0015651C /* myCodeObjcV.c */ = {isa = PBXFileReference; fileEncoding = 4; lastKnownFileType = sourcecode.c.c; path = myCodeObjcV.c; sourceTree = "<group>"; };
		790D530C2146A7EB0015651C /* UserViewController.swift */ = {isa = PBXFileReference; lastKnownFileType = sourcecode.swift; path = UserViewController.swift; sourceTree = "<group>"; };
		793AF5D82150E84600C199C3 /* HistoryListTableViewController.swift */ = {isa = PBXFileReference; lastKnownFileType = sourcecode.swift; path = HistoryListTableViewController.swift; sourceTree = "<group>"; };
		793AF5DA2151F4BB00C199C3 /* HistoryList.swift */ = {isa = PBXFileReference; lastKnownFileType = sourcecode.swift; path = HistoryList.swift; sourceTree = "<group>"; };
		793AF5DF21522EE500C199C3 /* DataModel.swift */ = {isa = PBXFileReference; lastKnownFileType = sourcecode.swift; path = DataModel.swift; sourceTree = "<group>"; };
		79693D292147B82E00C6D194 /* MyZXPlanarYUVLuminanceSource.h */ = {isa = PBXFileReference; fileEncoding = 4; lastKnownFileType = sourcecode.c.h; path = MyZXPlanarYUVLuminanceSource.h; sourceTree = "<group>"; };
		79693D2A2147B82E00C6D194 /* MyZXPlanarYUVLuminanceSource.m */ = {isa = PBXFileReference; fileEncoding = 4; lastKnownFileType = sourcecode.c.objc; path = MyZXPlanarYUVLuminanceSource.m; sourceTree = "<group>"; };
		79693D2C2148A86C00C6D194 /* ImageBufferHandler.h */ = {isa = PBXFileReference; lastKnownFileType = sourcecode.c.h; path = ImageBufferHandler.h; sourceTree = "<group>"; };
		79693D2D2148A86C00C6D194 /* ImageBufferHandler.m */ = {isa = PBXFileReference; lastKnownFileType = sourcecode.c.objc; path = ImageBufferHandler.m; sourceTree = "<group>"; };
		79693D2F21490E0300C6D194 /* rc4.c */ = {isa = PBXFileReference; fileEncoding = 4; lastKnownFileType = sourcecode.c.c; path = rc4.c; sourceTree = "<group>"; };
		79693D3021490E0300C6D194 /* rc4.h */ = {isa = PBXFileReference; fileEncoding = 4; lastKnownFileType = sourcecode.c.h; name = rc4.h; path = ../../../../../Downloads/DecodeUtils/rc4.h; sourceTree = "<group>"; };
		79693D3221490FA100C6D194 /* com_example_testdecode_RSDecoder.h */ = {isa = PBXFileReference; lastKnownFileType = sourcecode.c.h; path = com_example_testdecode_RSDecoder.h; sourceTree = "<group>"; };
		798DFA8C2142E976007A30B2 /* NewWeMa.app */ = {isa = PBXFileReference; explicitFileType = wrapper.application; includeInIndex = 0; path = NewWeMa.app; sourceTree = BUILT_PRODUCTS_DIR; };
		798DFA8F2142E976007A30B2 /* AppDelegate.swift */ = {isa = PBXFileReference; lastKnownFileType = sourcecode.swift; path = AppDelegate.swift; sourceTree = "<group>"; };
		798DFA942142E976007A30B2 /* Base */ = {isa = PBXFileReference; lastKnownFileType = file.storyboard; name = Base; path = Base.lproj/Main.storyboard; sourceTree = "<group>"; };
		798DFA962142E977007A30B2 /* Assets.xcassets */ = {isa = PBXFileReference; lastKnownFileType = folder.assetcatalog; path = Assets.xcassets; sourceTree = "<group>"; };
		798DFA992142E977007A30B2 /* Base */ = {isa = PBXFileReference; lastKnownFileType = file.storyboard; name = Base; path = Base.lproj/LaunchScreen.storyboard; sourceTree = "<group>"; };
		798DFA9B2142E977007A30B2 /* Info.plist */ = {isa = PBXFileReference; lastKnownFileType = text.plist.xml; path = Info.plist; sourceTree = "<group>"; };
		798DFAA32142EAA9007A30B2 /* ZXingObjC.framework */ = {isa = PBXFileReference; lastKnownFileType = wrapper.framework; name = ZXingObjC.framework; path = NewWeMa/Carthage/Build/iOS/ZXingObjC.framework; sourceTree = "<group>"; };
		798DFAA92142EB10007A30B2 /* AFNetworking.framework */ = {isa = PBXFileReference; lastKnownFileType = wrapper.framework; name = AFNetworking.framework; path = NewWeMa/Carthage/Build/iOS/AFNetworking.framework; sourceTree = "<group>"; };
		798DFAAC2142EBED007A30B2 /* Alamofire.framework */ = {isa = PBXFileReference; lastKnownFileType = wrapper.framework; name = Alamofire.framework; path = NewWeMa/Carthage/Build/iOS/Alamofire.framework; sourceTree = "<group>"; };
		798DFAAF2142EF0C007A30B2 /* ViewController.swift */ = {isa = PBXFileReference; lastKnownFileType = sourcecode.swift; path = ViewController.swift; sourceTree = "<group>"; };
/* End PBXFileReference section */

/* Begin PBXFrameworksBuildPhase section */
		798DFA892142E976007A30B2 /* Frameworks */ = {
			isa = PBXFrameworksBuildPhase;
			buildActionMask = 2147483647;
			files = (
				798DFAA42142EAA9007A30B2 /* ZXingObjC.framework in Frameworks */,
				798DFAAD2142EBED007A30B2 /* Alamofire.framework in Frameworks */,
				798DFAAA2142EB10007A30B2 /* AFNetworking.framework in Frameworks */,
				6E41006D6B3245CAC348193B /* Pods_NewWeMa.framework in Frameworks */,
			);
			runOnlyForDeploymentPostprocessing = 0;
		};
/* End PBXFrameworksBuildPhase section */

/* Begin PBXGroup section */
		10133D1F491659D423ABCF29 /* Frameworks */ = {
			isa = PBXGroup;
			children = (
				5BCF53FF9755CB99F2E1C198 /* Pods_NewWeMa.framework */,
			);
			name = Frameworks;
			sourceTree = "<group>";
		};
		790D52BD2143A57D0015651C /* DecodeUtils */ = {
			isa = PBXGroup;
			children = (
				79693D3221490FA100C6D194 /* com_example_testdecode_RSDecoder.h */,
				79693D292147B82E00C6D194 /* MyZXPlanarYUVLuminanceSource.h */,
				79693D2A2147B82E00C6D194 /* MyZXPlanarYUVLuminanceSource.m */,
				790D52C02143A58C0015651C /* dataconstants.h */,
				790D52C42143A58C0015651C /* DecodeUtils.h */,
				790D52C52143A58C0015651C /* DecodeUtils.m */,
				790D52C32143A58C0015651C /* MyImageChecker.h */,
				790D52BF2143A58C0015651C /* MyImageChecker.m */,
				79693D2F21490E0300C6D194 /* rc4.c */,
				79693D3021490E0300C6D194 /* rc4.h */,
				790D52BE2143A58C0015651C /* MyPoint.h */,
				790D52C62143A58C0015651C /* MyPoint.m */,
				790D530A2146530E0015651C /* myCodeObjcV.c */,
				79693D2C2148A86C00C6D194 /* ImageBufferHandler.h */,
				79693D2D2148A86C00C6D194 /* ImageBufferHandler.m */,
			);
			path = DecodeUtils;
			sourceTree = "<group>";
		};
		793AF5D72150E5E100C199C3 /* Data */ = {
			isa = PBXGroup;
			children = (
				793AF5DA2151F4BB00C199C3 /* HistoryList.swift */,
				793AF5DF21522EE500C199C3 /* DataModel.swift */,
			);
			path = Data;
			sourceTree = "<group>";
		};
		798DFA832142E976007A30B2 = {
			isa = PBXGroup;
			children = (
				798DFAAC2142EBED007A30B2 /* Alamofire.framework */,
				798DFAA92142EB10007A30B2 /* AFNetworking.framework */,
				798DFAA32142EAA9007A30B2 /* ZXingObjC.framework */,
				798DFA8E2142E976007A30B2 /* NewWeMa */,
				798DFA8D2142E976007A30B2 /* Products */,
				D9844C15ADC7732688BA2CAC /* Pods */,
				10133D1F491659D423ABCF29 /* Frameworks */,
			);
			sourceTree = "<group>";
		};
		798DFA8D2142E976007A30B2 /* Products */ = {
			isa = PBXGroup;
			children = (
				798DFA8C2142E976007A30B2 /* NewWeMa.app */,
			);
			name = Products;
			sourceTree = "<group>";
		};
		798DFA8E2142E976007A30B2 /* NewWeMa */ = {
			isa = PBXGroup;
			children = (
				793AF5D72150E5E100C199C3 /* Data */,
				790D52BD2143A57D0015651C /* DecodeUtils */,
				798DFA8F2142E976007A30B2 /* AppDelegate.swift */,
				798DFAAF2142EF0C007A30B2 /* ViewController.swift */,
				790D530C2146A7EB0015651C /* UserViewController.swift */,
				0B93A6A0214393F300E4C811 /* QrScanViewController.swift */,
				798DFA932142E976007A30B2 /* Main.storyboard */,
				798DFA962142E977007A30B2 /* Assets.xcassets */,
				798DFA982142E977007A30B2 /* LaunchScreen.storyboard */,
				798DFA9B2142E977007A30B2 /* Info.plist */,
				0B6EE2D021439E92005BC58A /* barreader.h */,
				0B6EE2D121439E92005BC58A /* barreader.m */,
				0B6EE2CF21439E92005BC58A /* NewWeMa-Bridging-Header.h */,
				793AF5D82150E84600C199C3 /* HistoryListTableViewController.swift */,
			);
			path = NewWeMa;
			sourceTree = "<group>";
		};
		D9844C15ADC7732688BA2CAC /* Pods */ = {
			isa = PBXGroup;
			children = (
				69BD66124D1D2152351E53E8 /* Pods-NewWeMa.debug.xcconfig */,
				08729B3992A6678B71DB66DA /* Pods-NewWeMa.release.xcconfig */,
			);
			name = Pods;
			sourceTree = "<group>";
		};
/* End PBXGroup section */

/* Begin PBXNativeTarget section */
		798DFA8B2142E976007A30B2 /* NewWeMa */ = {
			isa = PBXNativeTarget;
			buildConfigurationList = 798DFA9E2142E977007A30B2 /* Build configuration list for PBXNativeTarget "NewWeMa" */;
			buildPhases = (
				C297F796DCDB59E54BF5B055 /* [CP] Check Pods Manifest.lock */,
				798DFA882142E976007A30B2 /* Sources */,
				798DFA892142E976007A30B2 /* Frameworks */,
				798DFA8A2142E976007A30B2 /* Resources */,
				798DFAA62142EAA9007A30B2 /* Embed Frameworks */,
				7109E20EFFDD3524AA6614E4 /* [CP] Embed Pods Frameworks */,
			);
			buildRules = (
			);
			dependencies = (
			);
			name = NewWeMa;
			productName = NewWeMa;
			productReference = 798DFA8C2142E976007A30B2 /* NewWeMa.app */;
			productType = "com.apple.product-type.application";
		};
/* End PBXNativeTarget section */

/* Begin PBXProject section */
		798DFA842142E976007A30B2 /* Project object */ = {
			isa = PBXProject;
			attributes = {
				LastSwiftUpdateCheck = 0940;
				LastUpgradeCheck = 0940;
				ORGANIZATIONNAME = Gaojian;
				TargetAttributes = {
					798DFA8B2142E976007A30B2 = {
						CreatedOnToolsVersion = 9.4.1;
						LastSwiftMigration = 0940;
					};
				};
			};
			buildConfigurationList = 798DFA872142E976007A30B2 /* Build configuration list for PBXProject "NewWeMa" */;
			compatibilityVersion = "Xcode 9.3";
			developmentRegion = en;
			hasScannedForEncodings = 0;
			knownRegions = (
				en,
				Base,
			);
			mainGroup = 798DFA832142E976007A30B2;
			productRefGroup = 798DFA8D2142E976007A30B2 /* Products */;
			projectDirPath = "";
			projectRoot = "";
			targets = (
				798DFA8B2142E976007A30B2 /* NewWeMa */,
			);
		};
/* End PBXProject section */

/* Begin PBXResourcesBuildPhase section */
		798DFA8A2142E976007A30B2 /* Resources */ = {
			isa = PBXResourcesBuildPhase;
			buildActionMask = 2147483647;
			files = (
				798DFA9A2142E977007A30B2 /* LaunchScreen.storyboard in Resources */,
				798DFA972142E977007A30B2 /* Assets.xcassets in Resources */,
				798DFA952142E976007A30B2 /* Main.storyboard in Resources */,
			);
			runOnlyForDeploymentPostprocessing = 0;
		};
/* End PBXResourcesBuildPhase section */

/* Begin PBXShellScriptBuildPhase section */
		7109E20EFFDD3524AA6614E4 /* [CP] Embed Pods Frameworks */ = {
			isa = PBXShellScriptBuildPhase;
			buildActionMask = 2147483647;
			files = (
			);
			inputPaths = (
				"${SRCROOT}/Pods/Target Support Files/Pods-NewWeMa/Pods-NewWeMa-frameworks.sh",
				"${BUILT_PRODUCTS_DIR}/Alamofire/Alamofire.framework",
			);
			name = "[CP] Embed Pods Frameworks";
			outputPaths = (
				"${TARGET_BUILD_DIR}/${FRAMEWORKS_FOLDER_PATH}/Alamofire.framework",
			);
			runOnlyForDeploymentPostprocessing = 0;
			shellPath = /bin/sh;
			shellScript = "\"${SRCROOT}/Pods/Target Support Files/Pods-NewWeMa/Pods-NewWeMa-frameworks.sh\"\n";
			showEnvVarsInLog = 0;
		};
		C297F796DCDB59E54BF5B055 /* [CP] Check Pods Manifest.lock */ = {
			isa = PBXShellScriptBuildPhase;
			buildActionMask = 2147483647;
			files = (
			);
			inputPaths = (
				"${PODS_PODFILE_DIR_PATH}/Podfile.lock",
				"${PODS_ROOT}/Manifest.lock",
			);
			name = "[CP] Check Pods Manifest.lock";
			outputPaths = (
				"$(DERIVED_FILE_DIR)/Pods-NewWeMa-checkManifestLockResult.txt",
			);
			runOnlyForDeploymentPostprocessing = 0;
			shellPath = /bin/sh;
			shellScript = "diff \"${PODS_PODFILE_DIR_PATH}/Podfile.lock\" \"${PODS_ROOT}/Manifest.lock\" > /dev/null\nif [ $? != 0 ] ; then\n    # print error to STDERR\n    echo \"error: The sandbox is not in sync with the Podfile.lock. Run 'pod install' or update your CocoaPods installation.\" >&2\n    exit 1\nfi\n# This output is used by Xcode 'outputs' to avoid re-running this script phase.\necho \"SUCCESS\" > \"${SCRIPT_OUTPUT_FILE_0}\"\n";
			showEnvVarsInLog = 0;
		};
/* End PBXShellScriptBuildPhase section */

/* Begin PBXSourcesBuildPhase section */
		798DFA882142E976007A30B2 /* Sources */ = {
			isa = PBXSourcesBuildPhase;
			buildActionMask = 2147483647;
			files = (
				793AF5DB2151F4BB00C199C3 /* HistoryList.swift in Sources */,
				798DFAB02142EF0C007A30B2 /* ViewController.swift in Sources */,
				790D530D2146A7EB0015651C /* UserViewController.swift in Sources */,
				79693D2E2148A86C00C6D194 /* ImageBufferHandler.m in Sources */,
				0B93A6A1214393F300E4C811 /* QrScanViewController.swift in Sources */,
				793AF5E021522EE500C199C3 /* DataModel.swift in Sources */,
				79693D3121490E0300C6D194 /* rc4.c in Sources */,
				790D530B2146530E0015651C /* myCodeObjcV.c in Sources */,
				793AF5D92150E84600C199C3 /* HistoryListTableViewController.swift in Sources */,
				790D52C92143A58C0015651C /* DecodeUtils.m in Sources */,
				790D52C72143A58C0015651C /* MyImageChecker.m in Sources */,
				790D52CA2143A58C0015651C /* MyPoint.m in Sources */,
				0B6EE2D221439E92005BC58A /* barreader.m in Sources */,
				798DFA902142E976007A30B2 /* AppDelegate.swift in Sources */,
				79693D2B2147B82E00C6D194 /* MyZXPlanarYUVLuminanceSource.m in Sources */,
			);
			runOnlyForDeploymentPostprocessing = 0;
		};
/* End PBXSourcesBuildPhase section */

/* Begin PBXVariantGroup section */
		798DFA932142E976007A30B2 /* Main.storyboard */ = {
			isa = PBXVariantGroup;
			children = (
				798DFA942142E976007A30B2 /* Base */,
			);
			name = Main.storyboard;
			sourceTree = "<group>";
		};
		798DFA982142E977007A30B2 /* LaunchScreen.storyboard */ = {
			isa = PBXVariantGroup;
			children = (
				798DFA992142E977007A30B2 /* Base */,
			);
			name = LaunchScreen.storyboard;
			sourceTree = "<group>";
		};
/* End PBXVariantGroup section */

/* Begin XCBuildConfiguration section */
		798DFA9C2142E977007A30B2 /* Debug */ = {
			isa = XCBuildConfiguration;
			buildSettings = {
				ALWAYS_SEARCH_USER_PATHS = NO;
				CLANG_ANALYZER_NONNULL = YES;
				CLANG_ANALYZER_NUMBER_OBJECT_CONVERSION = YES_AGGRESSIVE;
				CLANG_CXX_LANGUAGE_STANDARD = "gnu++14";
				CLANG_CXX_LIBRARY = "libc++";
				CLANG_ENABLE_MODULES = YES;
				CLANG_ENABLE_OBJC_ARC = YES;
				CLANG_ENABLE_OBJC_WEAK = YES;
				CLANG_WARN_BLOCK_CAPTURE_AUTORELEASING = YES;
				CLANG_WARN_BOOL_CONVERSION = YES;
				CLANG_WARN_COMMA = YES;
				CLANG_WARN_CONSTANT_CONVERSION = YES;
				CLANG_WARN_DEPRECATED_OBJC_IMPLEMENTATIONS = YES;
				CLANG_WARN_DIRECT_OBJC_ISA_USAGE = YES_ERROR;
				CLANG_WARN_DOCUMENTATION_COMMENTS = YES;
				CLANG_WARN_EMPTY_BODY = YES;
				CLANG_WARN_ENUM_CONVERSION = YES;
				CLANG_WARN_INFINITE_RECURSION = YES;
				CLANG_WARN_INT_CONVERSION = YES;
				CLANG_WARN_NON_LITERAL_NULL_CONVERSION = YES;
				CLANG_WARN_OBJC_IMPLICIT_RETAIN_SELF = YES;
				CLANG_WARN_OBJC_LITERAL_CONVERSION = YES;
				CLANG_WARN_OBJC_ROOT_CLASS = YES_ERROR;
				CLANG_WARN_RANGE_LOOP_ANALYSIS = YES;
				CLANG_WARN_STRICT_PROTOTYPES = YES;
				CLANG_WARN_SUSPICIOUS_MOVE = YES;
				CLANG_WARN_UNGUARDED_AVAILABILITY = YES_AGGRESSIVE;
				CLANG_WARN_UNREACHABLE_CODE = YES;
				CLANG_WARN__DUPLICATE_METHOD_MATCH = YES;
				CODE_SIGN_IDENTITY = "iPhone Developer";
				COPY_PHASE_STRIP = NO;
				DEBUG_INFORMATION_FORMAT = dwarf;
				ENABLE_STRICT_OBJC_MSGSEND = YES;
				ENABLE_TESTABILITY = YES;
				GCC_C_LANGUAGE_STANDARD = gnu11;
				GCC_DYNAMIC_NO_PIC = NO;
				GCC_NO_COMMON_BLOCKS = YES;
				GCC_OPTIMIZATION_LEVEL = 0;
				GCC_PREPROCESSOR_DEFINITIONS = (
					"DEBUG=1",
					"$(inherited)",
				);
				GCC_WARN_64_TO_32_BIT_CONVERSION = YES;
				GCC_WARN_ABOUT_RETURN_TYPE = YES_ERROR;
				GCC_WARN_UNDECLARED_SELECTOR = YES;
				GCC_WARN_UNINITIALIZED_AUTOS = YES_AGGRESSIVE;
				GCC_WARN_UNUSED_FUNCTION = YES;
				GCC_WARN_UNUSED_VARIABLE = YES;
				IPHONEOS_DEPLOYMENT_TARGET = 11.4;
				MTL_ENABLE_DEBUG_INFO = YES;
				ONLY_ACTIVE_ARCH = YES;
				SDKROOT = iphoneos;
				SWIFT_ACTIVE_COMPILATION_CONDITIONS = DEBUG;
				SWIFT_OPTIMIZATION_LEVEL = "-Onone";
				SWIFT_VERSION = 4.0;
			};
			name = Debug;
		};
		798DFA9D2142E977007A30B2 /* Release */ = {
			isa = XCBuildConfiguration;
			buildSettings = {
				ALWAYS_SEARCH_USER_PATHS = NO;
				CLANG_ANALYZER_NONNULL = YES;
				CLANG_ANALYZER_NUMBER_OBJECT_CONVERSION = YES_AGGRESSIVE;
				CLANG_CXX_LANGUAGE_STANDARD = "gnu++14";
				CLANG_CXX_LIBRARY = "libc++";
				CLANG_ENABLE_MODULES = YES;
				CLANG_ENABLE_OBJC_ARC = YES;
				CLANG_ENABLE_OBJC_WEAK = YES;
				CLANG_WARN_BLOCK_CAPTURE_AUTORELEASING = YES;
				CLANG_WARN_BOOL_CONVERSION = YES;
				CLANG_WARN_COMMA = YES;
				CLANG_WARN_CONSTANT_CONVERSION = YES;
				CLANG_WARN_DEPRECATED_OBJC_IMPLEMENTATIONS = YES;
				CLANG_WARN_DIRECT_OBJC_ISA_USAGE = YES_ERROR;
				CLANG_WARN_DOCUMENTATION_COMMENTS = YES;
				CLANG_WARN_EMPTY_BODY = YES;
				CLANG_WARN_ENUM_CONVERSION = YES;
				CLANG_WARN_INFINITE_RECURSION = YES;
				CLANG_WARN_INT_CONVERSION = YES;
				CLANG_WARN_NON_LITERAL_NULL_CONVERSION = YES;
				CLANG_WARN_OBJC_IMPLICIT_RETAIN_SELF = YES;
				CLANG_WARN_OBJC_LITERAL_CONVERSION = YES;
				CLANG_WARN_OBJC_ROOT_CLASS = YES_ERROR;
				CLANG_WARN_RANGE_LOOP_ANALYSIS = YES;
				CLANG_WARN_STRICT_PROTOTYPES = YES;
				CLANG_WARN_SUSPICIOUS_MOVE = YES;
				CLANG_WARN_UNGUARDED_AVAILABILITY = YES_AGGRESSIVE;
				CLANG_WARN_UNREACHABLE_CODE = YES;
				CLANG_WARN__DUPLICATE_METHOD_MATCH = YES;
				CODE_SIGN_IDENTITY = "iPhone Developer";
				COPY_PHASE_STRIP = NO;
				DEBUG_INFORMATION_FORMAT = "dwarf-with-dsym";
				ENABLE_NS_ASSERTIONS = NO;
				ENABLE_STRICT_OBJC_MSGSEND = YES;
				GCC_C_LANGUAGE_STANDARD = gnu11;
				GCC_NO_COMMON_BLOCKS = YES;
				GCC_WARN_64_TO_32_BIT_CONVERSION = YES;
				GCC_WARN_ABOUT_RETURN_TYPE = YES_ERROR;
				GCC_WARN_UNDECLARED_SELECTOR = YES;
				GCC_WARN_UNINITIALIZED_AUTOS = YES_AGGRESSIVE;
				GCC_WARN_UNUSED_FUNCTION = YES;
				GCC_WARN_UNUSED_VARIABLE = YES;
				IPHONEOS_DEPLOYMENT_TARGET = 11.4;
				MTL_ENABLE_DEBUG_INFO = NO;
				SDKROOT = iphoneos;
				SWIFT_COMPILATION_MODE = wholemodule;
				SWIFT_OPTIMIZATION_LEVEL = "-O";
				SWIFT_VERSION = 4.0;
				VALIDATE_PRODUCT = YES;
			};
			name = Release;
		};
		798DFA9F2142E977007A30B2 /* Debug */ = {
			isa = XCBuildConfiguration;
			baseConfigurationReference = 69BD66124D1D2152351E53E8 /* Pods-NewWeMa.debug.xcconfig */;
			buildSettings = {
				ASSETCATALOG_COMPILER_APPICON_NAME = AppIcon;
				CLANG_ENABLE_MODULES = YES;
				CODE_SIGN_STYLE = Automatic;
				DEVELOPMENT_TEAM = WXSD68Y8D7;
				FRAMEWORK_SEARCH_PATHS = (
					"$(inherited)",
					"$(PROJECT_DIR)/NewWeMa/Carthage/Build/iOS",
				);
				INFOPLIST_FILE = NewWeMa/Info.plist;
				LD_RUNPATH_SEARCH_PATHS = (
					"$(inherited)",
					"@executable_path/Frameworks",
				);
				MACH_O_TYPE = mh_execute;
				OTHER_LDFLAGS = "$(inherited)";
				PRODUCT_BUNDLE_IDENTIFIER = gj.NewWeMa;
				PRODUCT_NAME = "$(TARGET_NAME)";
				SWIFT_OBJC_BRIDGING_HEADER = "NewWeMa/NewWeMa-Bridging-Header.h";
				SWIFT_OPTIMIZATION_LEVEL = "-Onone";
				SWIFT_VERSION = 3.0;
				TARGETED_DEVICE_FAMILY = "1,2";
			};
			name = Debug;
		};
		798DFAA02142E977007A30B2 /* Release */ = {
			isa = XCBuildConfiguration;
			baseConfigurationReference = 08729B3992A6678B71DB66DA /* Pods-NewWeMa.release.xcconfig */;
			buildSettings = {
				ASSETCATALOG_COMPILER_APPICON_NAME = AppIcon;
				CLANG_ENABLE_MODULES = YES;
				CODE_SIGN_STYLE = Automatic;
				DEVELOPMENT_TEAM = WXSD68Y8D7;
				FRAMEWORK_SEARCH_PATHS = (
					"$(inherited)",
					"$(PROJECT_DIR)/NewWeMa/Carthage/Build/iOS",
				);
				INFOPLIST_FILE = NewWeMa/Info.plist;
				LD_RUNPATH_SEARCH_PATHS = (
					"$(inherited)",
					"@executable_path/Frameworks",
				);
				MACH_O_TYPE = mh_execute;
				OTHER_LDFLAGS = "$(inherited)";
				PRODUCT_BUNDLE_IDENTIFIER = gj.NewWeMa;
				PRODUCT_NAME = "$(TARGET_NAME)";
				SWIFT_OBJC_BRIDGING_HEADER = "NewWeMa/NewWeMa-Bridging-Header.h";
				SWIFT_VERSION = 3.0;
				TARGETED_DEVICE_FAMILY = "1,2";
			};
			name = Release;
		};
/* End XCBuildConfiguration section */

/* Begin XCConfigurationList section */
		798DFA872142E976007A30B2 /* Build configuration list for PBXProject "NewWeMa" */ = {
			isa = XCConfigurationList;
			buildConfigurations = (
				798DFA9C2142E977007A30B2 /* Debug */,
				798DFA9D2142E977007A30B2 /* Release */,
			);
			defaultConfigurationIsVisible = 0;
			defaultConfigurationName = Release;
		};
		798DFA9E2142E977007A30B2 /* Build configuration list for PBXNativeTarget "NewWeMa" */ = {
			isa = XCConfigurationList;
			buildConfigurations = (
				798DFA9F2142E977007A30B2 /* Debug */,
				798DFAA02142E977007A30B2 /* Release */,
			);
			defaultConfigurationIsVisible = 0;
			defaultConfigurationName = Release;
		};
/* End XCConfigurationList section */
	};
	rootObject = 798DFA842142E976007A30B2 /* Project object */;
}
